
Microsoft Visual Studio Solution File, Format Version 12.00
# Visual Studio 15
VisualStudioVersion = 15.0.28307.1684
MinimumVisualStudioVersion = 10.0.40219.1
Project("{FAE04EC0-301F-11D3-BF4B-00C04F79EFBC}") = "BTSTRUCT,ENUM,FOREACH", "BTSTRUCT,ENUM,FOREACH\BTSTRUCT,ENUM,FOREACH.csproj", "{82CC24AD-CDBE-4798-AB33-FB5C49D59958}"
EndProject
Global
	GlobalSection(SolutionConfigurationPlatforms) = preSolution
		Debug|Any CPU = Debug|Any CPU
		Release|Any CPU = Release|Any CPU
	EndGlobalSection
	GlobalSection(ProjectConfigurationPlatforms) = postSolution
		{82CC24AD-CDBE-4798-AB33-FB5C49D59958}.Debug|Any CPU.ActiveCfg = Debug|Any CPU
		{82CC24AD-CDBE-4798-AB33-FB5C49D59958}.Debug|Any CPU.Build.0 = Debug|Any CPU
		{82CC24AD-CDBE-4798-AB33-FB5C49D59958}.Release|Any CPU.ActiveCfg = Release|Any CPU
		{82CC24AD-CDBE-4798-AB33-FB5C49D59958}.Release|Any CPU.Build.0 = Release|Any CPU
	EndGlobalSection
	GlobalSection(SolutionProperties) = preSolution
		HideSolutionNode = FALSE
	EndGlobalSection
	GlobalSection(ExtensibilityGlobals) = postSolution
		SolutionGuid = {E83544C1-D433-422F-A310-AD1D1018B969}
	EndGlobalSection
EndGlobal
